{
  "object": {
    "pins": [
      {
        "package": "Branch",
        "repositoryURL": "https://github.com/BranchMetrics/ios-branch-sdk-spm",
        "state": {
          "branch": null,
          "revision": "234290086ebd7193838313b8b0f90e3e14428c48",
          "version": "1.40.2"
        }
      },
      {
        "package": "TealiumSwift",
        "repositoryURL": "https://github.com/tealium/tealium-swift",
        "state": {
          "branch": null,
          "revision": "4264a4581e2f9aad5e4dd002282ea2952ec6d5d9",
          "version": "2.17.0"
        }
      }
    ]
  },
  "version": 1
}
