{
  "object": {
    "pins": [
      {
        "package": "Branch",
        "repositoryURL": "https://github.com/BranchMetrics/ios-branch-sdk-spm",
        "state": {
          "branch": null,
          "revision": "234290086ebd7193838313b8b0f90e3e14428c48",
          "version": "1.40.2"
        }
      },
      {
        "package": "TealiumSwift",
        "repositoryURL": "https://github.com/tealium/tealium-swift",
        "state": {
          "branch": null,
          "revision": "97d779d310c14149b4bd24ccd3918d9aadec4db3",
          "version": "2.9.1"
        }
      }
    ]
  },
  "version": 1
}
