PODS:
  - BranchSDK (3.12.2)
  - tealium-swift/Core (2.18.0)
  - tealium-swift/Lifecycle (2.18.0):
    - tealium-swift/Core
  - tealium-swift/RemoteCommands (2.18.0):
    - tealium-swift/Core
  - TealiumBranch (2.0.0):
    - BranchSDK (~> 3.12)
    - tealium-swift/Core (~> 2.17)
    - tealium-swift/RemoteCommands (~> 2.17)

DEPENDENCIES:
  - tealium-swift/Lifecycle (~> 2.17)
  - TealiumBranch (from `../`)

SPEC REPOS:
  trunk:
    - BranchSDK
    - tealium-swift

EXTERNAL SOURCES:
  TealiumBranch:
    :path: "../"

SPEC CHECKSUMS:
  BranchSDK: db2c2ffa5b85ad3e202f73393ca794878afd3c52
  tealium-swift: 891b7d27a4aa3e8b3c7398ac536382526ad215fc
  TealiumBranch: f524d04ff7cf9cda841c47c0b70abb52c28e8ae0

PODFILE CHECKSUM: 4d2517510ec1faa95967a9c9a7c424c2d38ec3cd

COCOAPODS: 1.16.2
